
Microsoft Visual Studio Solution File, Format Version 12.00
Project("{FAE04EC0-301F-11D3-BF4B-00C04F79EFBC}") = "Infrastructure", "Infrastructure\Infrastructure.csproj", "{5258AE3F-2671-4747-A46A-BC31F7CFEB3B}"
EndProject
Project("{FAE04EC0-301F-11D3-BF4B-00C04F79EFBC}") = "Domain", "Domain\Domain.csproj", "{FD406D2A-1D51-44B4-BE9B-4CFF9A7EFB32}"
EndProject
Project("{FAE04EC0-301F-11D3-BF4B-00C04F79EFBC}") = "Api", "Api\Api.csproj", "{A6AB7EFC-5708-422C-987F-75D82BC4AF58}"
EndProject
Project("{FAE04EC0-301F-11D3-BF4B-00C04F79EFBC}") = "Application", "Application\Application.csproj", "{FA1DBDBF-E7C6-46F4-AB31-C89463D05E44}"
EndProject
Project("{FAE04EC0-301F-11D3-BF4B-00C04F79EFBC}") = "ApiIntegrationTests", "ApiIntegrationTests\ApiIntegrationTests.csproj", "{4FE07D7D-B04E-4173-BE67-315E7554D101}"
EndProject
Global
	GlobalSection(SolutionConfigurationPlatforms) = preSolution
		Debug|Any CPU = Debug|Any CPU
		Release|Any CPU = Release|Any CPU
	EndGlobalSection
	GlobalSection(ProjectConfigurationPlatforms) = postSolution
		{5258AE3F-2671-4747-A46A-BC31F7CFEB3B}.Debug|Any CPU.ActiveCfg = Debug|Any CPU
		{5258AE3F-2671-4747-A46A-BC31F7CFEB3B}.Debug|Any CPU.Build.0 = Debug|Any CPU
		{5258AE3F-2671-4747-A46A-BC31F7CFEB3B}.Release|Any CPU.ActiveCfg = Release|Any CPU
		{5258AE3F-2671-4747-A46A-BC31F7CFEB3B}.Release|Any CPU.Build.0 = Release|Any CPU
		{FD406D2A-1D51-44B4-BE9B-4CFF9A7EFB32}.Debug|Any CPU.ActiveCfg = Debug|Any CPU
		{FD406D2A-1D51-44B4-BE9B-4CFF9A7EFB32}.Debug|Any CPU.Build.0 = Debug|Any CPU
		{FD406D2A-1D51-44B4-BE9B-4CFF9A7EFB32}.Release|Any CPU.ActiveCfg = Release|Any CPU
		{FD406D2A-1D51-44B4-BE9B-4CFF9A7EFB32}.Release|Any CPU.Build.0 = Release|Any CPU
		{A6AB7EFC-5708-422C-987F-75D82BC4AF58}.Debug|Any CPU.ActiveCfg = Debug|Any CPU
		{A6AB7EFC-5708-422C-987F-75D82BC4AF58}.Debug|Any CPU.Build.0 = Debug|Any CPU
		{A6AB7EFC-5708-422C-987F-75D82BC4AF58}.Release|Any CPU.ActiveCfg = Release|Any CPU
		{A6AB7EFC-5708-422C-987F-75D82BC4AF58}.Release|Any CPU.Build.0 = Release|Any CPU
		{FA1DBDBF-E7C6-46F4-AB31-C89463D05E44}.Debug|Any CPU.ActiveCfg = Debug|Any CPU
		{FA1DBDBF-E7C6-46F4-AB31-C89463D05E44}.Debug|Any CPU.Build.0 = Debug|Any CPU
		{FA1DBDBF-E7C6-46F4-AB31-C89463D05E44}.Release|Any CPU.ActiveCfg = Release|Any CPU
		{FA1DBDBF-E7C6-46F4-AB31-C89463D05E44}.Release|Any CPU.Build.0 = Release|Any CPU
		{4FE07D7D-B04E-4173-BE67-315E7554D101}.Debug|Any CPU.ActiveCfg = Debug|Any CPU
		{4FE07D7D-B04E-4173-BE67-315E7554D101}.Debug|Any CPU.Build.0 = Debug|Any CPU
		{4FE07D7D-B04E-4173-BE67-315E7554D101}.Release|Any CPU.ActiveCfg = Release|Any CPU
		{4FE07D7D-B04E-4173-BE67-315E7554D101}.Release|Any CPU.Build.0 = Release|Any CPU
	EndGlobalSection
EndGlobal
